
Microsoft Visual Studio Solution File, Format Version 12.00
# Visual Studio Version 17
VisualStudioVersion = 17.9.34902.65
MinimumVisualStudioVersion = 10.0.40219.1
Project("{FAE04EC0-301F-11D3-BF4B-00C04F79EFBC}") = "BreadthFirstSearch", "BreadthFirstSearch.csproj", "{EA2F7EE1-9C3D-4F58-9820-1459B6FBF2BD}"
EndProject
Global
	GlobalSection(SolutionConfigurationPlatforms) = preSolution
		Debug|Any CPU = Debug|Any CPU
		Release|Any CPU = Release|Any CPU
	EndGlobalSection
	GlobalSection(ProjectConfigurationPlatforms) = postSolution
		{EA2F7EE1-9C3D-4F58-9820-1459B6FBF2BD}.Debug|Any CPU.ActiveCfg = Debug|Any CPU
		{EA2F7EE1-9C3D-4F58-9820-1459B6FBF2BD}.Debug|Any CPU.Build.0 = Debug|Any CPU
		{EA2F7EE1-9C3D-4F58-9820-1459B6FBF2BD}.Release|Any CPU.ActiveCfg = Release|Any CPU
		{EA2F7EE1-9C3D-4F58-9820-1459B6FBF2BD}.Release|Any CPU.Build.0 = Release|Any CPU
	EndGlobalSection
	GlobalSection(SolutionProperties) = preSolution
		HideSolutionNode = FALSE
	EndGlobalSection
	GlobalSection(ExtensibilityGlobals) = postSolution
		SolutionGuid = {5B0262E3-8884-406F-9991-E70EDF90B358}
	EndGlobalSection
EndGlobal
